<?xml version="1.0" encoding="utf-8"?>
<Project ToolsVersion="4.0" xmlns="http://schemas.microsoft.com/developer/msbuild/2003">
  <ItemGroup>
    <Filter Include="Source Files">
      <UniqueIdentifier>{4FC737F1-C7A5-4376-A066-2A32D752A2FF}</UniqueIdentifier>
      <Extensions>cpp;c;cc;cxx;def;odl;idl;hpj;bat;asm;asmx</Extensions>
    </Filter>
    <Filter Include="Header Files">
      <UniqueIdentifier>{93995380-89BD-4b04-88EB-625FBE52EBFB}</UniqueIdentifier>
      <Extensions>h;hh;hpp;hxx;hm;inl;inc;ipp;xsd</Extensions>
    </Filter>
    <Filter Include="Resource Files">
      <UniqueIdentifier>{67DA6AB6-F800-4c08-8B7A-83BB121AAD01}</UniqueIdentifier>
      <Extensions>rc;ico;cur;bmp;dlg;rc2;rct;bin;rgs;gif;jpg;jpeg;jpe;resx;tiff;tif;png;wav;mfcribbon-ms</Extensions>
    </Filter>
  </ItemGroup>
  <ItemGroup>
    <ClCompile Include="main.cpp">
      <Filter>Source Files</Filter>
    </ClCompile>
    <ClCompile Include="src\Ball.cpp">
      <Filter>Source Files</Filter>
    </ClCompile>
    <ClCompile Include="src\BallView.cpp">
      <Filter>Source Files</Filter>
    </ClCompile>
    <ClCompile Include="src\Bonus.cpp">
      <Filter>Source Files</Filter>
    </ClCompile>
    <ClCompile Include="src\BonusView.cpp">
      <Filter>Source Files</Filter>
    </ClCompile>
    <ClCompile Include="src\BricksLevel1.cpp">
      <Filter>Source Files</Filter>
    </ClCompile>
    <ClCompile Include="src\BricksLevel2.cpp">
      <Filter>Source Files</Filter>
    </ClCompile>
    <ClCompile Include="src\BricksLevel3.cpp">
      <Filter>Source Files</Filter>
    </ClCompile>
    <ClCompile Include="src\BricksLevel4.cpp">
      <Filter>Source Files</Filter>
    </ClCompile>
    <ClCompile Include="src\BricksViewLevels.cpp">
      <Filter>Source Files</Filter>
    </ClCompile>
    <ClCompile Include="src\Bullet.cpp">
      <Filter>Source Files</Filter>
    </ClCompile>
    <ClCompile Include="src\Collisions.cpp">
      <Filter>Source Files</Filter>
    </ClCompile>
    <ClCompile Include="src\GamePoints.cpp">
      <Filter>Source Files</Filter>
    </ClCompile>
    <ClCompile Include="src\GamePointsView.cpp">
      <Filter>Source Files</Filter>
    </ClCompile>
    <ClCompile Include="src\GameState.cpp">
      <Filter>Source Files</Filter>
    </ClCompile>
    <ClCompile Include="src\Image.cpp">
      <Filter>Source Files</Filter>
    </ClCompile>
    <ClCompile Include="src\MainMenu.cpp">
      <Filter>Source Files</Filter>
    </ClCompile>
    <ClCompile Include="src\MainMenuView.cpp">
      <Filter>Source Files</Filter>
    </ClCompile>
    <ClCompile Include="src\Paddle.cpp">
      <Filter>Source Files</Filter>
    </ClCompile>
    <ClCompile Include="src\PaddleView.cpp">
      <Filter>Source Files</Filter>
    </ClCompile>
    <ClCompile Include="src\Renderer.cpp">
      <Filter>Source Files</Filter>
    </ClCompile>
    <ClCompile Include="src\ResManager.cpp">
      <Filter>Source Files</Filter>
    </ClCompile>
    <ClCompile Include="src\Timer.cpp">
      <Filter>Source Files</Filter>
    </ClCompile>
    <ClCompile Include="src\UpdateGame.cpp">
      <Filter>Source Files</Filter>
    </ClCompile>
  </ItemGroup>
  <ItemGroup>
    <ClInclude Include="include\Ball.h">
      <Filter>Header Files</Filter>
    </ClInclude>
    <ClInclude Include="include\BallView.h">
      <Filter>Header Files</Filter>
    </ClInclude>
    <ClInclude Include="include\Bonus.h">
      <Filter>Header Files</Filter>
    </ClInclude>
    <ClInclude Include="include\BonusView.h">
      <Filter>Header Files</Filter>
    </ClInclude>
    <ClInclude Include="include\BricksLevel1.h">
      <Filter>Header Files</Filter>
    </ClInclude>
    <ClInclude Include="include\BricksLevel2.h">
      <Filter>Header Files</Filter>
    </ClInclude>
    <ClInclude Include="include\BricksLevel3.h">
      <Filter>Header Files</Filter>
    </ClInclude>
    <ClInclude Include="include\BricksLevel4.h">
      <Filter>Header Files</Filter>
    </ClInclude>
    <ClInclude Include="include\BricksLevels.h">
      <Filter>Header Files</Filter>
    </ClInclude>
    <ClInclude Include="include\BricksViewLevels.h">
      <Filter>Header Files</Filter>
    </ClInclude>
    <ClInclude Include="include\Bullet.h">
      <Filter>Header Files</Filter>
    </ClInclude>
    <ClInclude Include="include\Collisions.h">
      <Filter>Header Files</Filter>
    </ClInclude>
    <ClInclude Include="include\GameMenu.h">
      <Filter>Header Files</Filter>
    </ClInclude>
    <ClInclude Include="include\GameMenuView.h">
      <Filter>Header Files</Filter>
    </ClInclude>
    <ClInclude Include="include\GamePoints.h">
      <Filter>Header Files</Filter>
    </ClInclude>
    <ClInclude Include="include\GamePointsView.h">
      <Filter>Header Files</Filter>
    </ClInclude>
    <ClInclude Include="include\GameState.h">
      <Filter>Header Files</Filter>
    </ClInclude>
    <ClInclude Include="include\Image.h">
      <Filter>Header Files</Filter>
    </ClInclude>
    <ClInclude Include="include\MainMenu.h">
      <Filter>Header Files</Filter>
    </ClInclude>
    <ClInclude Include="include\MainMenuView.h">
      <Filter>Header Files</Filter>
    </ClInclude>
    <ClInclude Include="include\Paddle.h">
      <Filter>Header Files</Filter>
    </ClInclude>
    <ClInclude Include="include\PaddleView.h">
      <Filter>Header Files</Filter>
    </ClInclude>
    <ClInclude Include="include\rapidxml.hpp">
      <Filter>Header Files</Filter>
    </ClInclude>
    <ClInclude Include="include\rapidxml_iterators.hpp">
      <Filter>Header Files</Filter>
    </ClInclude>
    <ClInclude Include="include\rapidxml_print.hpp">
      <Filter>Header Files</Filter>
    </ClInclude>
    <ClInclude Include="include\rapidxml_utils.hpp">
      <Filter>Header Files</Filter>
    </ClInclude>
    <ClInclude Include="include\Renderer.h">
      <Filter>Header Files</Filter>
    </ClInclude>
    <ClInclude Include="include\ResManager.h">
      <Filter>Header Files</Filter>
    </ClInclude>
    <ClInclude Include="include\SDL2\begin_code.h">
      <Filter>Header Files</Filter>
    </ClInclude>
    <ClInclude Include="include\SDL2\close_code.h">
      <Filter>Header Files</Filter>
    </ClInclude>
    <ClInclude Include="include\SDL2\SDL.h">
      <Filter>Header Files</Filter>
    </ClInclude>
    <ClInclude Include="include\SDL2\SDL_assert.h">
      <Filter>Header Files</Filter>
    </ClInclude>
    <ClInclude Include="include\SDL2\SDL_atomic.h">
      <Filter>Header Files</Filter>
    </ClInclude>
    <ClInclude Include="include\SDL2\SDL_audio.h">
      <Filter>Header Files</Filter>
    </ClInclude>
    <ClInclude Include="include\SDL2\SDL_bits.h">
      <Filter>Header Files</Filter>
    </ClInclude>
    <ClInclude Include="include\SDL2\SDL_blendmode.h">
      <Filter>Header Files</Filter>
    </ClInclude>
    <ClInclude Include="include\SDL2\SDL_clipboard.h">
      <Filter>Header Files</Filter>
    </ClInclude>
    <ClInclude Include="include\SDL2\SDL_config.h">
      <Filter>Header Files</Filter>
    </ClInclude>
    <ClInclude Include="include\SDL2\SDL_cpuinfo.h">
      <Filter>Header Files</Filter>
    </ClInclude>
    <ClInclude Include="include\SDL2\SDL_egl.h">
      <Filter>Header Files</Filter>
    </ClInclude>
    <ClInclude Include="include\SDL2\SDL_endian.h">
      <Filter>Header Files</Filter>
    </ClInclude>
    <ClInclude Include="include\SDL2\SDL_error.h">
      <Filter>Header Files</Filter>
    </ClInclude>
    <ClInclude Include="include\SDL2\SDL_events.h">
      <Filter>Header Files</Filter>
    </ClInclude>
    <ClInclude Include="include\SDL2\SDL_filesystem.h">
      <Filter>Header Files</Filter>
    </ClInclude>
    <ClInclude Include="include\SDL2\SDL_gamecontroller.h">
      <Filter>Header Files</Filter>
    </ClInclude>
    <ClInclude Include="include\SDL2\SDL_gesture.h">
      <Filter>Header Files</Filter>
    </ClInclude>
    <ClInclude Include="include\SDL2\SDL_haptic.h">
      <Filter>Header Files</Filter>
    </ClInclude>
    <ClInclude Include="include\SDL2\SDL_hints.h">
      <Filter>Header Files</Filter>
    </ClInclude>
    <ClInclude Include="include\SDL2\SDL_image.h">
      <Filter>Header Files</Filter>
    </ClInclude>
    <ClInclude Include="include\SDL2\SDL_joystick.h">
      <Filter>Header Files</Filter>
    </ClInclude>
    <ClInclude Include="include\SDL2\SDL_keyboard.h">
      <Filter>Header Files</Filter>
    </ClInclude>
    <ClInclude Include="include\SDL2\SDL_keycode.h">
      <Filter>Header Files</Filter>
    </ClInclude>
    <ClInclude Include="include\SDL2\SDL_loadso.h">
      <Filter>Header Files</Filter>
    </ClInclude>
    <ClInclude Include="include\SDL2\SDL_log.h">
      <Filter>Header Files</Filter>
    </ClInclude>
    <ClInclude Include="include\SDL2\SDL_main.h">
      <Filter>Header Files</Filter>
    </ClInclude>
    <ClInclude Include="include\SDL2\SDL_messagebox.h">
      <Filter>Header Files</Filter>
    </ClInclude>
    <ClInclude Include="include\SDL2\SDL_mixer.h">
      <Filter>Header Files</Filter>
    </ClInclude>
    <ClInclude Include="include\SDL2\SDL_mouse.h">
      <Filter>Header Files</Filter>
    </ClInclude>
    <ClInclude Include="include\SDL2\SDL_mutex.h">
      <Filter>Header Files</Filter>
    </ClInclude>
    <ClInclude Include="include\SDL2\SDL_name.h">
      <Filter>Header Files</Filter>
    </ClInclude>
    <ClInclude Include="include\SDL2\SDL_opengl.h">
      <Filter>Header Files</Filter>
    </ClInclude>
    <ClInclude Include="include\SDL2\SDL_opengles.h">
      <Filter>Header Files</Filter>
    </ClInclude>
    <ClInclude Include="include\SDL2\SDL_opengles2.h">
      <Filter>Header Files</Filter>
    </ClInclude>
    <ClInclude Include="include\SDL2\SDL_opengles2_gl2.h">
      <Filter>Header Files</Filter>
    </ClInclude>
    <ClInclude Include="include\SDL2\SDL_opengles2_gl2ext.h">
      <Filter>Header Files</Filter>
    </ClInclude>
    <ClInclude Include="include\SDL2\SDL_opengles2_gl2platform.h">
      <Filter>Header Files</Filter>
    </ClInclude>
    <ClInclude Include="include\SDL2\SDL_opengles2_khrplatform.h">
      <Filter>Header Files</Filter>
    </ClInclude>
    <ClInclude Include="include\SDL2\SDL_opengl_glext.h">
      <Filter>Header Files</Filter>
    </ClInclude>
    <ClInclude Include="include\SDL2\SDL_pixels.h">
      <Filter>Header Files</Filter>
    </ClInclude>
    <ClInclude Include="include\SDL2\SDL_platform.h">
      <Filter>Header Files</Filter>
    </ClInclude>
    <ClInclude Include="include\SDL2\SDL_power.h">
      <Filter>Header Files</Filter>
    </ClInclude>
    <ClInclude Include="include\SDL2\SDL_quit.h">
      <Filter>Header Files</Filter>
    </ClInclude>
    <ClInclude Include="include\SDL2\SDL_rect.h">
      <Filter>Header Files</Filter>
    </ClInclude>
    <ClInclude Include="include\SDL2\SDL_render.h">
      <Filter>Header Files</Filter>
    </ClInclude>
    <ClInclude Include="include\SDL2\SDL_revision.h">
      <Filter>Header Files</Filter>
    </ClInclude>
    <ClInclude Include="include\SDL2\SDL_rwops.h">
      <Filter>Header Files</Filter>
    </ClInclude>
    <ClInclude Include="include\SDL2\SDL_scancode.h">
      <Filter>Header Files</Filter>
    </ClInclude>
    <ClInclude Include="include\SDL2\SDL_shape.h">
      <Filter>Header Files</Filter>
    </ClInclude>
    <ClInclude Include="include\SDL2\SDL_stdinc.h">
      <Filter>Header Files</Filter>
    </ClInclude>
    <ClInclude Include="include\SDL2\SDL_surface.h">
      <Filter>Header Files</Filter>
    </ClInclude>
    <ClInclude Include="include\SDL2\SDL_system.h">
      <Filter>Header Files</Filter>
    </ClInclude>
    <ClInclude Include="include\SDL2\SDL_syswm.h">
      <Filter>Header Files</Filter>
    </ClInclude>
    <ClInclude Include="include\SDL2\SDL_test.h">
      <Filter>Header Files</Filter>
    </ClInclude>
    <ClInclude Include="include\SDL2\SDL_test_assert.h">
      <Filter>Header Files</Filter>
    </ClInclude>
    <ClInclude Include="include\SDL2\SDL_test_common.h">
      <Filter>Header Files</Filter>
    </ClInclude>
    <ClInclude Include="include\SDL2\SDL_test_compare.h">
      <Filter>Header Files</Filter>
    </ClInclude>
    <ClInclude Include="include\SDL2\SDL_test_crc32.h">
      <Filter>Header Files</Filter>
    </ClInclude>
    <ClInclude Include="include\SDL2\SDL_test_font.h">
      <Filter>Header Files</Filter>
    </ClInclude>
    <ClInclude Include="include\SDL2\SDL_test_fuzzer.h">
      <Filter>Header Files</Filter>
    </ClInclude>
    <ClInclude Include="include\SDL2\SDL_test_harness.h">
      <Filter>Header Files</Filter>
    </ClInclude>
    <ClInclude Include="include\SDL2\SDL_test_images.h">
      <Filter>Header Files</Filter>
    </ClInclude>
    <ClInclude Include="include\SDL2\SDL_test_log.h">
      <Filter>Header Files</Filter>
    </ClInclude>
    <ClInclude Include="include\SDL2\SDL_test_md5.h">
      <Filter>Header Files</Filter>
    </ClInclude>
    <ClInclude Include="include\SDL2\SDL_test_memory.h">
      <Filter>Header Files</Filter>
    </ClInclude>
    <ClInclude Include="include\SDL2\SDL_test_random.h">
      <Filter>Header Files</Filter>
    </ClInclude>
    <ClInclude Include="include\SDL2\SDL_thread.h">
      <Filter>Header Files</Filter>
    </ClInclude>
    <ClInclude Include="include\SDL2\SDL_timer.h">
      <Filter>Header Files</Filter>
    </ClInclude>
    <ClInclude Include="include\SDL2\SDL_touch.h">
      <Filter>Header Files</Filter>
    </ClInclude>
    <ClInclude Include="include\SDL2\SDL_ttf.h">
      <Filter>Header Files</Filter>
    </ClInclude>
    <ClInclude Include="include\SDL2\SDL_types.h">
      <Filter>Header Files</Filter>
    </ClInclude>
    <ClInclude Include="include\SDL2\SDL_version.h">
      <Filter>Header Files</Filter>
    </ClInclude>
    <ClInclude Include="include\SDL2\SDL_video.h">
      <Filter>Header Files</Filter>
    </ClInclude>
    <ClInclude Include="include\SDL2\SDL_vulkan.h">
      <Filter>Header Files</Filter>
    </ClInclude>
    <ClInclude Include="include\Timer.h">
      <Filter>Header Files</Filter>
    </ClInclude>
    <ClInclude Include="include\UpdateGame.h">
      <Filter>Header Files</Filter>
    </ClInclude>
    <ClInclude Include="resource.h">
      <Filter>Header Files</Filter>
    </ClInclude>
  </ItemGroup>
  <ItemGroup>
    <ResourceCompile Include="Simple Arkanoid 2D.rc">
      <Filter>Resource Files</Filter>
    </ResourceCompile>
  </ItemGroup>
  <ItemGroup>
    <Image Include="img\background_480.png">
      <Filter>Resource Files</Filter>
    </Image>
    <Image Include="img\background_600.png">
      <Filter>Resource Files</Filter>
    </Image>
    <Image Include="img\background_720.png">
      <Filter>Resource Files</Filter>
    </Image>
    <Image Include="img\background_768.png">
      <Filter>Resource Files</Filter>
    </Image>
    <Image Include="img\ball.png">
      <Filter>Resource Files</Filter>
    </Image>
    <Image Include="img\blocks_table.png">
      <Filter>Resource Files</Filter>
    </Image>
    <Image Include="img\bullet.png">
      <Filter>Resource Files</Filter>
    </Image>
    <Image Include="img\dup_pack.png">
      <Filter>Resource Files</Filter>
    </Image>
    <Image Include="img\gun_pack.png">
      <Filter>Resource Files</Filter>
    </Image>
    <Image Include="img\icon.png">
      <Filter>Resource Files</Filter>
    </Image>
    <Image Include="img\live_pack.png">
      <Filter>Resource Files</Filter>
    </Image>
    <Image Include="img\menu_bgd_480.png">
      <Filter>Resource Files</Filter>
    </Image>
    <Image Include="img\menu_bgd_600.png">
      <Filter>Resource Files</Filter>
    </Image>
    <Image Include="img\menu_bgd_720.png">
      <Filter>Resource Files</Filter>
    </Image>
    <Image Include="img\menu_bgd_768.png">
      <Filter>Resource Files</Filter>
    </Image>
    <Image Include="img\paddle.bmp">
      <Filter>Resource Files</Filter>
    </Image>
    <Image Include="img\paddle.png">
      <Filter>Resource Files</Filter>
    </Image>
    <Image Include="img\paddle_cosmic1.png">
      <Filter>Resource Files</Filter>
    </Image>
    <Image Include="img\paddle_cosmic1_gun.png">
      <Filter>Resource Files</Filter>
    </Image>
    <Image Include="img\paddle_w_gun.png">
      <Filter>Resource Files</Filter>
    </Image>
    <Image Include="img\selection.png">
      <Filter>Resource Files</Filter>
    </Image>
    <Image Include="img\slow_pack.png">
      <Filter>Resource Files</Filter>
    </Image>
    <Image Include="img\background_480.jpg">
      <Filter>Resource Files</Filter>
    </Image>
  </ItemGroup>
  <ItemGroup>
    <Font Include="arial.ttf" />
    <Font Include="arialbd.ttf" />
  </ItemGroup>
</Project>